// !$*UTF8*$!
{
	archiveVersion = 1;
	classes = {
	};
	objectVersion = 50;
	objects = {

/* Begin PBXBuildFile section */
		3C800E62248802E0005C8CE6 /* AppDelegate.m in Sources */ = {isa = PBXBuildFile; fileRef = 3C800E61248802E0005C8CE6 /* AppDelegate.m */; };
		3C800E65248802E0005C8CE6 /* ViewController.m in Sources */ = {isa = PBXBuildFile; fileRef = 3C800E64248802E0005C8CE6 /* ViewController.m */; };
		3C800E68248802E0005C8CE6 /* Main.storyboard in Resources */ = {isa = PBXBuildFile; fileRef = 3C800E66248802E0005C8CE6 /* Main.storyboard */; };
		3C800E6A248802E0005C8CE6 /* Assets.xcassets in Resources */ = {isa = PBXBuildFile; fileRef = 3C800E69248802E0005C8CE6 /* Assets.xcassets */; };
		3C800E6D248802E0005C8CE6 /* LaunchScreen.storyboard in Resources */ = {isa = PBXBuildFile; fileRef = 3C800E6B248802E0005C8CE6 /* LaunchScreen.storyboard */; };
		3C800E70248802E0005C8CE6 /* main.m in Sources */ = {isa = PBXBuildFile; fileRef = 3C800E6F248802E0005C8CE6 /* main.m */; };
		3C800E7A248802E0005C8CE6 /* yangxiujTests.m in Sources */ = {isa = PBXBuildFile; fileRef = 3C800E79248802E0005C8CE6 /* yangxiujTests.m */; };
		3C800E85248802E0005C8CE6 /* yangxiujUITests.m in Sources */ = {isa = PBXBuildFile; fileRef = 3C800E84248802E0005C8CE6 /* yangxiujUITests.m */; };
/* End PBXBuildFile section */

/* Begin PBXContainerItemProxy section */
		3C800E76248802E0005C8CE6 /* PBXContainerItemProxy */ = {
			isa = PBXContainerItemProxy;
			containerPortal = 3C800E55248802E0005C8CE6 /* Project object */;
			proxyType = 1;
			remoteGlobalIDString = 3C800E5C248802E0005C8CE6;
			remoteInfo = yangxiuj;
		};
		3C800E81248802E0005C8CE6 /* PBXContainerItemProxy */ = {
			isa = PBXContainerItemProxy;
			containerPortal = 3C800E55248802E0005C8CE6 /* Project object */;
			proxyType = 1;
			remoteGlobalIDString = 3C800E5C248802E0005C8CE6;
			remoteInfo = yangxiuj;
		};
/* End PBXContainerItemProxy section */

/* Begin PBXFileReference section */
		3C800E5D248802E0005C8CE6 /* yangxiuj.app */ = {isa = PBXFileReference; explicitFileType = wrapper.application; includeInIndex = 0; path = yangxiuj.app; sourceTree = BUILT_PRODUCTS_DIR; };
		3C800E60248802E0005C8CE6 /* AppDelegate.h */ = {isa = PBXFileReference; lastKnownFileType = sourcecode.c.h; path = AppDelegate.h; sourceTree = "<group>"; };
		3C800E61248802E0005C8CE6 /* AppDelegate.m */ = {isa = PBXFileReference; lastKnownFileType = sourcecode.c.objc; path = AppDelegate.m; sourceTree = "<group>"; };
		3C800E63248802E0005C8CE6 /* ViewController.h */ = {isa = PBXFileReference; lastKnownFileType = sourcecode.c.h; path = ViewController.h; sourceTree = "<group>"; };
		3C800E64248802E0005C8CE6 /* ViewController.m */ = {isa = PBXFileReference; lastKnownFileType = sourcecode.c.objc; path = ViewController.m; sourceTree = "<group>"; };
		3C800E67248802E0005C8CE6 /* Base */ = {isa = PBXFileReference; lastKnownFileType = file.storyboard; name = Base; path = Base.lproj/Main.storyboard; sourceTree = "<group>"; };
		3C800E69248802E0005C8CE6 /* Assets.xcassets */ = {isa = PBXFileReference; lastKnownFileType = folder.assetcatalog; path = Assets.xcassets; sourceTree = "<group>"; };
		3C800E6C248802E0005C8CE6 /* Base */ = {isa = PBXFileReference; lastKnownFileType = file.storyboard; name = Base; path = Base.lproj/LaunchScreen.storyboard; sourceTree = "<group>"; };
		3C800E6E248802E0005C8CE6 /* Info.plist */ = {isa = PBXFileReference; lastKnownFileType = text.plist.xml; path = Info.plist; sourceTree = "<group>"; };
		3C800E6F248802E0005C8CE6 /* main.m */ = {isa = PBXFileReference; lastKnownFileType = sourcecode.c.objc; path = main.m; sourceTree = "<group>"; };
		3C800E75248802E0005C8CE6 /* yangxiujTests.xctest */ = {isa = PBXFileReference; explicitFileType = wrapper.cfbundle; includeInIndex = 0; path = yangxiujTests.xctest; sourceTree = BUILT_PRODUCTS_DIR; };
		3C800E79248802E0005C8CE6 /* yangxiujTests.m */ = {isa = PBXFileReference; lastKnownFileType = sourcecode.c.objc; path = yangxiujTests.m; sourceTree = "<group>"; };
		3C800E7B248802E0005C8CE6 /* Info.plist */ = {isa = PBXFileReference; lastKnownFileType = text.plist.xml; path = Info.plist; sourceTree = "<group>"; };
		3C800E80248802E0005C8CE6 /* yangxiujUITests.xctest */ = {isa = PBXFileReference; explicitFileType = wrapper.cfbundle; includeInIndex = 0; path = yangxiujUITests.xctest; sourceTree = BUILT_PRODUCTS_DIR; };
		3C800E84248802E0005C8CE6 /* yangxiujUITests.m */ = {isa = PBXFileReference; lastKnownFileType = sourcecode.c.objc; path = yangxiujUITests.m; sourceTree = "<group>"; };
		3C800E86248802E0005C8CE6 /* Info.plist */ = {isa = PBXFileReference; lastKnownFileType = text.plist.xml; path = Info.plist; sourceTree = "<group>"; };
/* End PBXFileReference section */

/* Begin PBXFrameworksBuildPhase section */
		3C800E5A248802E0005C8CE6 /* Frameworks */ = {
			isa = PBXFrameworksBuildPhase;
			buildActionMask = 2147483647;
			files = (
			);
			runOnlyForDeploymentPostprocessing = 0;
		};
		3C800E72248802E0005C8CE6 /* Frameworks */ = {
			isa = PBXFrameworksBuildPhase;
			buildActionMask = 2147483647;
			files = (
			);
			runOnlyForDeploymentPostprocessing = 0;
		};
		3C800E7D248802E0005C8CE6 /* Frameworks */ = {
			isa = PBXFrameworksBuildPhase;
			buildActionMask = 2147483647;
			files = (
			);
			runOnlyForDeploymentPostprocessing = 0;
		};
/* End PBXFrameworksBuildPhase section */

/* Begin PBXGroup section */
		3C800E54248802E0005C8CE6 = {
			isa = PBXGroup;
			children = (
				3C800E5F248802E0005C8CE6 /* yangxiuj */,
				3C800E78248802E0005C8CE6 /* yangxiujTests */,
				3C800E83248802E0005C8CE6 /* yangxiujUITests */,
				3C800E5E248802E0005C8CE6 /* Products */,
			);
			sourceTree = "<group>";
		};
		3C800E5E248802E0005C8CE6 /* Products */ = {
			isa = PBXGroup;
			children = (
				3C800E5D248802E0005C8CE6 /* yangxiuj.app */,
				3C800E75248802E0005C8CE6 /* yangxiujTests.xctest */,
				3C800E80248802E0005C8CE6 /* yangxiujUITests.xctest */,
			);
			name = Products;
			sourceTree = "<group>";
		};
		3C800E5F248802E0005C8CE6 /* yangxiuj */ = {
			isa = PBXGroup;
			children = (
				3C800E60248802E0005C8CE6 /* AppDelegate.h */,
				3C800E61248802E0005C8CE6 /* AppDelegate.m */,
				3C800E63248802E0005C8CE6 /* ViewController.h */,
				3C800E64248802E0005C8CE6 /* ViewController.m */,
				3C800E66248802E0005C8CE6 /* Main.storyboard */,
				3C800E69248802E0005C8CE6 /* Assets.xcassets */,
				3C800E6B248802E0005C8CE6 /* LaunchScreen.storyboard */,
				3C800E6E248802E0005C8CE6 /* Info.plist */,
				3C800E6F248802E0005C8CE6 /* main.m */,
			);
			path = yangxiuj;
			sourceTree = "<group>";
		};
		3C800E78248802E0005C8CE6 /* yangxiujTests */ = {
			isa = PBXGroup;
			children = (
				3C800E79248802E0005C8CE6 /* yangxiujTests.m */,
				3C800E7B248802E0005C8CE6 /* Info.plist */,
			);
			path = yangxiujTests;
			sourceTree = "<group>";
		};
		3C800E83248802E0005C8CE6 /* yangxiujUITests */ = {
			isa = PBXGroup;
			children = (
				3C800E84248802E0005C8CE6 /* yangxiujUITests.m */,
				3C800E86248802E0005C8CE6 /* Info.plist */,
			);
			path = yangxiujUITests;
			sourceTree = "<group>";
		};
/* End PBXGroup section */

/* Begin PBXNativeTarget section */
		3C800E5C248802E0005C8CE6 /* yangxiuj */ = {
			isa = PBXNativeTarget;
			buildConfigurationList = 3C800E89248802E1005C8CE6 /* Build configuration list for PBXNativeTarget "yangxiuj" */;
			buildPhases = (
				3C800E59248802E0005C8CE6 /* Sources */,
				3C800E5A248802E0005C8CE6 /* Frameworks */,
				3C800E5B248802E0005C8CE6 /* Resources */,
			);
			buildRules = (
			);
			dependencies = (
			);
			name = yangxiuj;
			productName = yangxiuj;
			productReference = 3C800E5D248802E0005C8CE6 /* yangxiuj.app */;
			productType = "com.apple.product-type.application";
		};
		3C800E74248802E0005C8CE6 /* yangxiujTests */ = {
			isa = PBXNativeTarget;
			buildConfigurationList = 3C800E8C248802E1005C8CE6 /* Build configuration list for PBXNativeTarget "yangxiujTests" */;
			buildPhases = (
				3C800E71248802E0005C8CE6 /* Sources */,
				3C800E72248802E0005C8CE6 /* Frameworks */,
				3C800E73248802E0005C8CE6 /* Resources */,
			);
			buildRules = (
			);
			dependencies = (
				3C800E77248802E0005C8CE6 /* PBXTargetDependency */,
			);
			name = yangxiujTests;
			productName = yangxiujTests;
			productReference = 3C800E75248802E0005C8CE6 /* yangxiujTests.xctest */;
			productType = "com.apple.product-type.bundle.unit-test";
		};
		3C800E7F248802E0005C8CE6 /* yangxiujUITests */ = {
			isa = PBXNativeTarget;
			buildConfigurationList = 3C800E8F248802E1005C8CE6 /* Build configuration list for PBXNativeTarget "yangxiujUITests" */;
			buildPhases = (
				3C800E7C248802E0005C8CE6 /* Sources */,
				3C800E7D248802E0005C8CE6 /* Frameworks */,
				3C800E7E248802E0005C8CE6 /* Resources */,
			);
			buildRules = (
			);
			dependencies = (
				3C800E82248802E0005C8CE6 /* PBXTargetDependency */,
			);
			name = yangxiujUITests;
			productName = yangxiujUITests;
			productReference = 3C800E80248802E0005C8CE6 /* yangxiujUITests.xctest */;
			productType = "com.apple.product-type.bundle.ui-testing";
		};
/* End PBXNativeTarget section */

/* Begin PBXProject section */
		3C800E55248802E0005C8CE6 /* Project object */ = {
			isa = PBXProject;
			attributes = {
				LastUpgradeCheck = 0940;
				ORGANIZATIONNAME = hh;
				TargetAttributes = {
					3C800E5C248802E0005C8CE6 = {
						CreatedOnToolsVersion = 9.4.1;
					};
					3C800E74248802E0005C8CE6 = {
						CreatedOnToolsVersion = 9.4.1;
						TestTargetID = 3C800E5C248802E0005C8CE6;
					};
					3C800E7F248802E0005C8CE6 = {
						CreatedOnToolsVersion = 9.4.1;
						TestTargetID = 3C800E5C248802E0005C8CE6;
					};
				};
			};
			buildConfigurationList = 3C800E58248802E0005C8CE6 /* Build configuration list for PBXProject "yangxiuj" */;
			compatibilityVersion = "Xcode 9.3";
			developmentRegion = en;
			hasScannedForEncodings = 0;
			knownRegions = (
				en,
				Base,
			);
			mainGroup = 3C800E54248802E0005C8CE6;
			productRefGroup = 3C800E5E248802E0005C8CE6 /* Products */;
			projectDirPath = "";
			projectRoot = "";
			targets = (
				3C800E5C248802E0005C8CE6 /* yangxiuj */,
				3C800E74248802E0005C8CE6 /* yangxiujTests */,
				3C800E7F248802E0005C8CE6 /* yangxiujUITests */,
			);
		};
/* End PBXProject section */

/* Begin PBXResourcesBuildPhase section */
		3C800E5B248802E0005C8CE6 /* Resources */ = {
			isa = PBXResourcesBuildPhase;
			buildActionMask = 2147483647;
			files = (
				3C800E6D248802E0005C8CE6 /* LaunchScreen.storyboard in Resources */,
				3C800E6A248802E0005C8CE6 /* Assets.xcassets in Resources */,
				3C800E68248802E0005C8CE6 /* Main.storyboard in Resources */,
			);
			runOnlyForDeploymentPostprocessing = 0;
		};
		3C800E73248802E0005C8CE6 /* Resources */ = {
			isa = PBXResourcesBuildPhase;
			buildActionMask = 2147483647;
			files = (
			);
			runOnlyForDeploymentPostprocessing = 0;
		};
		3C800E7E248802E0005C8CE6 /* Resources */ = {
			isa = PBXResourcesBuildPhase;
			buildActionMask = 2147483647;
			files = (
			);
			runOnlyForDeploymentPostprocessing = 0;
		};
/* End PBXResourcesBuildPhase section */

/* Begin PBXSourcesBuildPhase section */
		3C800E59248802E0005C8CE6 /* Sources */ = {
			isa = PBXSourcesBuildPhase;
			buildActionMask = 2147483647;
			files = (
				3C800E65248802E0005C8CE6 /* ViewController.m in Sources */,
				3C800E70248802E0005C8CE6 /* main.m in Sources */,
				3C800E62248802E0005C8CE6 /* AppDelegate.m in Sources */,
			);
			runOnlyForDeploymentPostprocessing = 0;
		};
		3C800E71248802E0005C8CE6 /* Sources */ = {
			isa = PBXSourcesBuildPhase;
			buildActionMask = 2147483647;
			files = (
				3C800E7A248802E0005C8CE6 /* yangxiujTests.m in Sources */,
			);
			runOnlyForDeploymentPostprocessing = 0;
		};
		3C800E7C248802E0005C8CE6 /* Sources */ = {
			isa = PBXSourcesBuildPhase;
			buildActionMask = 2147483647;
			files = (
				3C800E85248802E0005C8CE6 /* yangxiujUITests.m in Sources */,
			);
			runOnlyForDeploymentPostprocessing = 0;
		};
/* End PBXSourcesBuildPhase section */

/* Begin PBXTargetDependency section */
		3C800E77248802E0005C8CE6 /* PBXTargetDependency */ = {
			isa = PBXTargetDependency;
			target = 3C800E5C248802E0005C8CE6 /* yangxiuj */;
			targetProxy = 3C800E76248802E0005C8CE6 /* PBXContainerItemProxy */;
		};
		3C800E82248802E0005C8CE6 /* PBXTargetDependency */ = {
			isa = PBXTargetDependency;
			target = 3C800E5C248802E0005C8CE6 /* yangxiuj */;
			targetProxy = 3C800E81248802E0005C8CE6 /* PBXContainerItemProxy */;
		};
/* End PBXTargetDependency section */

/* Begin PBXVariantGroup section */
		3C800E66248802E0005C8CE6 /* Main.storyboard */ = {
			isa = PBXVariantGroup;
			children = (
				3C800E67248802E0005C8CE6 /* Base */,
			);
			name = Main.storyboard;
			sourceTree = "<group>";
		};
		3C800E6B248802E0005C8CE6 /* LaunchScreen.storyboard */ = {
			isa = PBXVariantGroup;
			children = (
				3C800E6C248802E0005C8CE6 /* Base */,
			);
			name = LaunchScreen.storyboard;
			sourceTree = "<group>";
		};
/* End PBXVariantGroup section */

/* Begin XCBuildConfiguration section */
		3C800E87248802E1005C8CE6 /* Debug */ = {
			isa = XCBuildConfiguration;
			buildSettings = {
				ALWAYS_SEARCH_USER_PATHS = NO;
				CLANG_ANALYZER_NONNULL = YES;
				CLANG_ANALYZER_NUMBER_OBJECT_CONVERSION = YES_AGGRESSIVE;
				CLANG_CXX_LANGUAGE_STANDARD = "gnu++14";
				CLANG_CXX_LIBRARY = "libc++";
				CLANG_ENABLE_MODULES = YES;
				CLANG_ENABLE_OBJC_ARC = YES;
				CLANG_ENABLE_OBJC_WEAK = YES;
				CLANG_WARN_BLOCK_CAPTURE_AUTORELEASING = YES;
				CLANG_WARN_BOOL_CONVERSION = YES;
				CLANG_WARN_COMMA = YES;
				CLANG_WARN_CONSTANT_CONVERSION = YES;
				CLANG_WARN_DEPRECATED_OBJC_IMPLEMENTATIONS = YES;
				CLANG_WARN_DIRECT_OBJC_ISA_USAGE = YES_ERROR;
				CLANG_WARN_DOCUMENTATION_COMMENTS = YES;
				CLANG_WARN_EMPTY_BODY = YES;
				CLANG_WARN_ENUM_CONVERSION = YES;
				CLANG_WARN_INFINITE_RECURSION = YES;
				CLANG_WARN_INT_CONVERSION = YES;
				CLANG_WARN_NON_LITERAL_NULL_CONVERSION = YES;
				CLANG_WARN_OBJC_IMPLICIT_RETAIN_SELF = YES;
				CLANG_WARN_OBJC_LITERAL_CONVERSION = YES;
				CLANG_WARN_OBJC_ROOT_CLASS = YES_ERROR;
				CLANG_WARN_RANGE_LOOP_ANALYSIS = YES;
				CLANG_WARN_STRICT_PROTOTYPES = YES;
				CLANG_WARN_SUSPICIOUS_MOVE = YES;
				CLANG_WARN_UNGUARDED_AVAILABILITY = YES_AGGRESSIVE;
				CLANG_WARN_UNREACHABLE_CODE = YES;
				CLANG_WARN__DUPLICATE_METHOD_MATCH = YES;
				CODE_SIGN_IDENTITY = "iPhone Developer";
				COPY_PHASE_STRIP = NO;
				DEBUG_INFORMATION_FORMAT = dwarf;
				ENABLE_STRICT_OBJC_MSGSEND = YES;
				ENABLE_TESTABILITY = YES;
				GCC_C_LANGUAGE_STANDARD = gnu11;
				GCC_DYNAMIC_NO_PIC = NO;
				GCC_NO_COMMON_BLOCKS = YES;
				GCC_OPTIMIZATION_LEVEL = 0;
				GCC_PREPROCESSOR_DEFINITIONS = (
					"DEBUG=1",
					"$(inherited)",
				);
				GCC_WARN_64_TO_32_BIT_CONVERSION = YES;
				GCC_WARN_ABOUT_RETURN_TYPE = YES_ERROR;
				GCC_WARN_UNDECLARED_SELECTOR = YES;
				GCC_WARN_UNINITIALIZED_AUTOS = YES_AGGRESSIVE;
				GCC_WARN_UNUSED_FUNCTION = YES;
				GCC_WARN_UNUSED_VARIABLE = YES;
				IPHONEOS_DEPLOYMENT_TARGET = 11.4;
				MTL_ENABLE_DEBUG_INFO = YES;
				ONLY_ACTIVE_ARCH = YES;
				SDKROOT = iphoneos;
			};
			name = Debug;
		};
		3C800E88248802E1005C8CE6 /* Release */ = {
			isa = XCBuildConfiguration;
			buildSettings = {
				ALWAYS_SEARCH_USER_PATHS = NO;
				CLANG_ANALYZER_NONNULL = YES;
				CLANG_ANALYZER_NUMBER_OBJECT_CONVERSION = YES_AGGRESSIVE;
				CLANG_CXX_LANGUAGE_STANDARD = "gnu++14";
				CLANG_CXX_LIBRARY = "libc++";
				CLANG_ENABLE_MODULES = YES;
				CLANG_ENABLE_OBJC_ARC = YES;
				CLANG_ENABLE_OBJC_WEAK = YES;
				CLANG_WARN_BLOCK_CAPTURE_AUTORELEASING = YES;
				CLANG_WARN_BOOL_CONVERSION = YES;
				CLANG_WARN_COMMA = YES;
				CLANG_WARN_CONSTANT_CONVERSION = YES;
				CLANG_WARN_DEPRECATED_OBJC_IMPLEMENTATIONS = YES;
				CLANG_WARN_DIRECT_OBJC_ISA_USAGE = YES_ERROR;
				CLANG_WARN_DOCUMENTATION_COMMENTS = YES;
				CLANG_WARN_EMPTY_BODY = YES;
				CLANG_WARN_ENUM_CONVERSION = YES;
				CLANG_WARN_INFINITE_RECURSION = YES;
				CLANG_WARN_INT_CONVERSION = YES;
				CLANG_WARN_NON_LITERAL_NULL_CONVERSION = YES;
				CLANG_WARN_OBJC_IMPLICIT_RETAIN_SELF = YES;
				CLANG_WARN_OBJC_LITERAL_CONVERSION = YES;
				CLANG_WARN_OBJC_ROOT_CLASS = YES_ERROR;
				CLANG_WARN_RANGE_LOOP_ANALYSIS = YES;
				CLANG_WARN_STRICT_PROTOTYPES = YES;
				CLANG_WARN_SUSPICIOUS_MOVE = YES;
				CLANG_WARN_UNGUARDED_AVAILABILITY = YES_AGGRESSIVE;
				CLANG_WARN_UNREACHABLE_CODE = YES;
				CLANG_WARN__DUPLICATE_METHOD_MATCH = YES;
				CODE_SIGN_IDENTITY = "iPhone Developer";
				COPY_PHASE_STRIP = NO;
				DEBUG_INFORMATION_FORMAT = "dwarf-with-dsym";
				ENABLE_NS_ASSERTIONS = NO;
				ENABLE_STRICT_OBJC_MSGSEND = YES;
				GCC_C_LANGUAGE_STANDARD = gnu11;
				GCC_NO_COMMON_BLOCKS = YES;
				GCC_WARN_64_TO_32_BIT_CONVERSION = YES;
				GCC_WARN_ABOUT_RETURN_TYPE = YES_ERROR;
				GCC_WARN_UNDECLARED_SELECTOR = YES;
				GCC_WARN_UNINITIALIZED_AUTOS = YES_AGGRESSIVE;
				GCC_WARN_UNUSED_FUNCTION = YES;
				GCC_WARN_UNUSED_VARIABLE = YES;
				IPHONEOS_DEPLOYMENT_TARGET = 11.4;
				MTL_ENABLE_DEBUG_INFO = NO;
				SDKROOT = iphoneos;
				VALIDATE_PRODUCT = YES;
			};
			name = Release;
		};
		3C800E8A248802E1005C8CE6 /* Debug */ = {
			isa = XCBuildConfiguration;
			buildSettings = {
				ASSETCATALOG_COMPILER_APPICON_NAME = AppIcon;
				CODE_SIGN_STYLE = Automatic;
				INFOPLIST_FILE = yangxiuj/Info.plist;
				LD_RUNPATH_SEARCH_PATHS = (
					"$(inherited)",
					"@executable_path/Frameworks",
				);
				PRODUCT_BUNDLE_IDENTIFIER = com.hored.yangxiuj;
				PRODUCT_NAME = "$(TARGET_NAME)";
				TARGETED_DEVICE_FAMILY = "1,2";
			};
			name = Debug;
		};
		3C800E8B248802E1005C8CE6 /* Release */ = {
			isa = XCBuildConfiguration;
			buildSettings = {
				ASSETCATALOG_COMPILER_APPICON_NAME = AppIcon;
				CODE_SIGN_STYLE = Automatic;
				INFOPLIST_FILE = yangxiuj/Info.plist;
				LD_RUNPATH_SEARCH_PATHS = (
					"$(inherited)",
					"@executable_path/Frameworks",
				);
				PRODUCT_BUNDLE_IDENTIFIER = com.hored.yangxiuj;
				PRODUCT_NAME = "$(TARGET_NAME)";
				TARGETED_DEVICE_FAMILY = "1,2";
			};
			name = Release;
		};
		3C800E8D248802E1005C8CE6 /* Debug */ = {
			isa = XCBuildConfiguration;
			buildSettings = {
				BUNDLE_LOADER = "$(TEST_HOST)";
				CODE_SIGN_STYLE = Automatic;
				INFOPLIST_FILE = yangxiujTests/Info.plist;
				LD_RUNPATH_SEARCH_PATHS = (
					"$(inherited)",
					"@executable_path/Frameworks",
					"@loader_path/Frameworks",
				);
				PRODUCT_BUNDLE_IDENTIFIER = com.hored.yangxiujTests;
				PRODUCT_NAME = "$(TARGET_NAME)";
				TARGETED_DEVICE_FAMILY = "1,2";
				TEST_HOST = "$(BUILT_PRODUCTS_DIR)/yangxiuj.app/yangxiuj";
			};
			name = Debug;
		};
		3C800E8E248802E1005C8CE6 /* Release */ = {
			isa = XCBuildConfiguration;
			buildSettings = {
				BUNDLE_LOADER = "$(TEST_HOST)";
				CODE_SIGN_STYLE = Automatic;
				INFOPLIST_FILE = yangxiujTests/Info.plist;
				LD_RUNPATH_SEARCH_PATHS = (
					"$(inherited)",
					"@executable_path/Frameworks",
					"@loader_path/Frameworks",
				);
				PRODUCT_BUNDLE_IDENTIFIER = com.hored.yangxiujTests;
				PRODUCT_NAME = "$(TARGET_NAME)";
				TARGETED_DEVICE_FAMILY = "1,2";
				TEST_HOST = "$(BUILT_PRODUCTS_DIR)/yangxiuj.app/yangxiuj";
			};
			name = Release;
		};
		3C800E90248802E1005C8CE6 /* Debug */ = {
			isa = XCBuildConfiguration;
			buildSettings = {
				CODE_SIGN_STYLE = Automatic;
				INFOPLIST_FILE = yangxiujUITests/Info.plist;
				LD_RUNPATH_SEARCH_PATHS = (
					"$(inherited)",
					"@executable_path/Frameworks",
					"@loader_path/Frameworks",
				);
				PRODUCT_BUNDLE_IDENTIFIER = com.hored.yangxiujUITests;
				PRODUCT_NAME = "$(TARGET_NAME)";
				TARGETED_DEVICE_FAMILY = "1,2";
				TEST_TARGET_NAME = yangxiuj;
			};
			name = Debug;
		};
		3C800E91248802E1005C8CE6 /* Release */ = {
			isa = XCBuildConfiguration;
			buildSettings = {
				CODE_SIGN_STYLE = Automatic;
				INFOPLIST_FILE = yangxiujUITests/Info.plist;
				LD_RUNPATH_SEARCH_PATHS = (
					"$(inherited)",
					"@executable_path/Frameworks",
					"@loader_path/Frameworks",
				);
				PRODUCT_BUNDLE_IDENTIFIER = com.hored.yangxiujUITests;
				PRODUCT_NAME = "$(TARGET_NAME)";
				TARGETED_DEVICE_FAMILY = "1,2";
				TEST_TARGET_NAME = yangxiuj;
			};
			name = Release;
		};
/* End XCBuildConfiguration section */

/* Begin XCConfigurationList section */
		3C800E58248802E0005C8CE6 /* Build configuration list for PBXProject "yangxiuj" */ = {
			isa = XCConfigurationList;
			buildConfigurations = (
				3C800E87248802E1005C8CE6 /* Debug */,
				3C800E88248802E1005C8CE6 /* Release */,
			);
			defaultConfigurationIsVisible = 0;
			defaultConfigurationName = Release;
		};
		3C800E89248802E1005C8CE6 /* Build configuration list for PBXNativeTarget "yangxiuj" */ = {
			isa = XCConfigurationList;
			buildConfigurations = (
				3C800E8A248802E1005C8CE6 /* Debug */,
				3C800E8B248802E1005C8CE6 /* Release */,
			);
			defaultConfigurationIsVisible = 0;
			defaultConfigurationName = Release;
		};
		3C800E8C248802E1005C8CE6 /* Build configuration list for PBXNativeTarget "yangxiujTests" */ = {
			isa = XCConfigurationList;
			buildConfigurations = (
				3C800E8D248802E1005C8CE6 /* Debug */,
				3C800E8E248802E1005C8CE6 /* Release */,
			);
			defaultConfigurationIsVisible = 0;
			defaultConfigurationName = Release;
		};
		3C800E8F248802E1005C8CE6 /* Build configuration list for PBXNativeTarget "yangxiujUITests" */ = {
			isa = XCConfigurationList;
			buildConfigurations = (
				3C800E90248802E1005C8CE6 /* Debug */,
				3C800E91248802E1005C8CE6 /* Release */,
			);
			defaultConfigurationIsVisible = 0;
			defaultConfigurationName = Release;
		};
/* End XCConfigurationList section */
	};
	rootObject = 3C800E55248802E0005C8CE6 /* Project object */;
}
